
Microsoft Visual Studio Solution File, Format Version 12.00
# Visual Studio Version 17
VisualStudioVersion = 17.11.35208.52
MinimumVisualStudioVersion = 10.0.40219.1
Project("{9A19103F-16F7-4668-BE54-9A1E7A4F7556}") = "CityInfo.API", "CityInfo.API\CityInfo.API.csproj", "{0B1D776E-6284-4053-B2CF-B02B1AF1C011}"
EndProject
Project("{FAE04EC0-301F-11D3-BF4B-00C04F79EFBC}") = "CityInfo.WebApp", "CityInfo.WebApp\CityInfo.WebApp.csproj", "{7E0DC79C-08AD-4D04-9A9A-BD0C774E54E4}"
EndProject
Global
	GlobalSection(SolutionConfigurationPlatforms) = preSolution
		Debug|Any CPU = Debug|Any CPU
		Release|Any CPU = Release|Any CPU
	EndGlobalSection
	GlobalSection(ProjectConfigurationPlatforms) = postSolution
		{0B1D776E-6284-4053-B2CF-B02B1AF1C011}.Debug|Any CPU.ActiveCfg = Debug|Any CPU
		{0B1D776E-6284-4053-B2CF-B02B1AF1C011}.Debug|Any CPU.Build.0 = Debug|Any CPU
		{0B1D776E-6284-4053-B2CF-B02B1AF1C011}.Release|Any CPU.ActiveCfg = Release|Any CPU
		{0B1D776E-6284-4053-B2CF-B02B1AF1C011}.Release|Any CPU.Build.0 = Release|Any CPU
		{7E0DC79C-08AD-4D04-9A9A-BD0C774E54E4}.Debug|Any CPU.ActiveCfg = Debug|Any CPU
		{7E0DC79C-08AD-4D04-9A9A-BD0C774E54E4}.Debug|Any CPU.Build.0 = Debug|Any CPU
		{7E0DC79C-08AD-4D04-9A9A-BD0C774E54E4}.Release|Any CPU.ActiveCfg = Release|Any CPU
		{7E0DC79C-08AD-4D04-9A9A-BD0C774E54E4}.Release|Any CPU.Build.0 = Release|Any CPU
	EndGlobalSection
	GlobalSection(SolutionProperties) = preSolution
		HideSolutionNode = FALSE
	EndGlobalSection
	GlobalSection(ExtensibilityGlobals) = postSolution
		SolutionGuid = {9EFEA5AC-6F26-4C04-96C7-7F9A402D40BE}
	EndGlobalSection
EndGlobal
